// !$*UTF8*$!
{
	archiveVersion = 1;
	classes = {
	};
	objectVersion = 46;
	objects = {

/* Begin PBXBuildFile section */
		7F69EFEE1D4081DE0018E933 /* AppDelegate.swift in Sources */ = {isa = PBXBuildFile; fileRef = 7F69EFED1D4081DE0018E933 /* AppDelegate.swift */; };
		7F69EFF01D4081DE0018E933 /* ViewController.swift in Sources */ = {isa = PBXBuildFile; fileRef = 7F69EFEF1D4081DE0018E933 /* ViewController.swift */; };
		7F69EFF31D4081DE0018E933 /* Main.storyboard in Resources */ = {isa = PBXBuildFile; fileRef = 7F69EFF11D4081DE0018E933 /* Main.storyboard */; };
		7F69EFF61D4081DE0018E933 /* Colculator.xcdatamodeld in Sources */ = {isa = PBXBuildFile; fileRef = 7F69EFF41D4081DE0018E933 /* Colculator.xcdatamodeld */; };
		7F69EFF81D4081DE0018E933 /* Assets.xcassets in Resources */ = {isa = PBXBuildFile; fileRef = 7F69EFF71D4081DE0018E933 /* Assets.xcassets */; };
		7F69EFFB1D4081DE0018E933 /* LaunchScreen.storyboard in Resources */ = {isa = PBXBuildFile; fileRef = 7F69EFF91D4081DE0018E933 /* LaunchScreen.storyboard */; };
		7F69F0061D4081DE0018E933 /* ColculatorTests.swift in Sources */ = {isa = PBXBuildFile; fileRef = 7F69F0051D4081DE0018E933 /* ColculatorTests.swift */; };
		7F69F0111D4081DE0018E933 /* ColculatorUITests.swift in Sources */ = {isa = PBXBuildFile; fileRef = 7F69F0101D4081DE0018E933 /* ColculatorUITests.swift */; };
/* End PBXBuildFile section */

/* Begin PBXContainerItemProxy section */
		7F69F0021D4081DE0018E933 /* PBXContainerItemProxy */ = {
			isa = PBXContainerItemProxy;
			containerPortal = 7F69EFE21D4081DE0018E933 /* Project object */;
			proxyType = 1;
			remoteGlobalIDString = 7F69EFE91D4081DE0018E933;
			remoteInfo = Colculator;
		};
		7F69F00D1D4081DE0018E933 /* PBXContainerItemProxy */ = {
			isa = PBXContainerItemProxy;
			containerPortal = 7F69EFE21D4081DE0018E933 /* Project object */;
			proxyType = 1;
			remoteGlobalIDString = 7F69EFE91D4081DE0018E933;
			remoteInfo = Colculator;
		};
/* End PBXContainerItemProxy section */

/* Begin PBXFileReference section */
		7F69EFEA1D4081DE0018E933 /* Colculator.app */ = {isa = PBXFileReference; explicitFileType = wrapper.application; includeInIndex = 0; path = Colculator.app; sourceTree = BUILT_PRODUCTS_DIR; };
		7F69EFED1D4081DE0018E933 /* AppDelegate.swift */ = {isa = PBXFileReference; lastKnownFileType = sourcecode.swift; path = AppDelegate.swift; sourceTree = "<group>"; };
		7F69EFEF1D4081DE0018E933 /* ViewController.swift */ = {isa = PBXFileReference; lastKnownFileType = sourcecode.swift; path = ViewController.swift; sourceTree = "<group>"; };
		7F69EFF21D4081DE0018E933 /* Base */ = {isa = PBXFileReference; lastKnownFileType = file.storyboard; name = Base; path = Base.lproj/Main.storyboard; sourceTree = "<group>"; };
		7F69EFF51D4081DE0018E933 /* Colculator.xcdatamodel */ = {isa = PBXFileReference; lastKnownFileType = wrapper.xcdatamodel; path = Colculator.xcdatamodel; sourceTree = "<group>"; };
		7F69EFF71D4081DE0018E933 /* Assets.xcassets */ = {isa = PBXFileReference; lastKnownFileType = folder.assetcatalog; path = Assets.xcassets; sourceTree = "<group>"; };
		7F69EFFA1D4081DE0018E933 /* Base */ = {isa = PBXFileReference; lastKnownFileType = file.storyboard; name = Base; path = Base.lproj/LaunchScreen.storyboard; sourceTree = "<group>"; };
		7F69EFFC1D4081DE0018E933 /* Info.plist */ = {isa = PBXFileReference; lastKnownFileType = text.plist.xml; path = Info.plist; sourceTree = "<group>"; };
		7F69F0011D4081DE0018E933 /* ColculatorTests.xctest */ = {isa = PBXFileReference; explicitFileType = wrapper.cfbundle; includeInIndex = 0; path = ColculatorTests.xctest; sourceTree = BUILT_PRODUCTS_DIR; };
		7F69F0051D4081DE0018E933 /* ColculatorTests.swift */ = {isa = PBXFileReference; lastKnownFileType = sourcecode.swift; path = ColculatorTests.swift; sourceTree = "<group>"; };
		7F69F0071D4081DE0018E933 /* Info.plist */ = {isa = PBXFileReference; lastKnownFileType = text.plist.xml; path = Info.plist; sourceTree = "<group>"; };
		7F69F00C1D4081DE0018E933 /* ColculatorUITests.xctest */ = {isa = PBXFileReference; explicitFileType = wrapper.cfbundle; includeInIndex = 0; path = ColculatorUITests.xctest; sourceTree = BUILT_PRODUCTS_DIR; };
		7F69F0101D4081DE0018E933 /* ColculatorUITests.swift */ = {isa = PBXFileReference; lastKnownFileType = sourcecode.swift; path = ColculatorUITests.swift; sourceTree = "<group>"; };
		7F69F0121D4081DE0018E933 /* Info.plist */ = {isa = PBXFileReference; lastKnownFileType = text.plist.xml; path = Info.plist; sourceTree = "<group>"; };
/* End PBXFileReference section */

/* Begin PBXFrameworksBuildPhase section */
		7F69EFE71D4081DE0018E933 /* Frameworks */ = {
			isa = PBXFrameworksBuildPhase;
			buildActionMask = 2147483647;
			files = (
			);
			runOnlyForDeploymentPostprocessing = 0;
		};
		7F69EFFE1D4081DE0018E933 /* Frameworks */ = {
			isa = PBXFrameworksBuildPhase;
			buildActionMask = 2147483647;
			files = (
			);
			runOnlyForDeploymentPostprocessing = 0;
		};
		7F69F0091D4081DE0018E933 /* Frameworks */ = {
			isa = PBXFrameworksBuildPhase;
			buildActionMask = 2147483647;
			files = (
			);
			runOnlyForDeploymentPostprocessing = 0;
		};
/* End PBXFrameworksBuildPhase section */

/* Begin PBXGroup section */
		7F69EFE11D4081DE0018E933 = {
			isa = PBXGroup;
			children = (
				7F69EFEC1D4081DE0018E933 /* Colculator */,
				7F69F0041D4081DE0018E933 /* ColculatorTests */,
				7F69F00F1D4081DE0018E933 /* ColculatorUITests */,
				7F69EFEB1D4081DE0018E933 /* Products */,
			);
			sourceTree = "<group>";
		};
		7F69EFEB1D4081DE0018E933 /* Products */ = {
			isa = PBXGroup;
			children = (
				7F69EFEA1D4081DE0018E933 /* Colculator.app */,
				7F69F0011D4081DE0018E933 /* ColculatorTests.xctest */,
				7F69F00C1D4081DE0018E933 /* ColculatorUITests.xctest */,
			);
			name = Products;
			sourceTree = "<group>";
		};
		7F69EFEC1D4081DE0018E933 /* Colculator */ = {
			isa = PBXGroup;
			children = (
				7F69EFED1D4081DE0018E933 /* AppDelegate.swift */,
				7F69EFEF1D4081DE0018E933 /* ViewController.swift */,
				7F69EFF11D4081DE0018E933 /* Main.storyboard */,
				7F69EFF71D4081DE0018E933 /* Assets.xcassets */,
				7F69EFF91D4081DE0018E933 /* LaunchScreen.storyboard */,
				7F69EFFC1D4081DE0018E933 /* Info.plist */,
				7F69EFF41D4081DE0018E933 /* Colculator.xcdatamodeld */,
			);
			path = Colculator;
			sourceTree = "<group>";
		};
		7F69F0041D4081DE0018E933 /* ColculatorTests */ = {
			isa = PBXGroup;
			children = (
				7F69F0051D4081DE0018E933 /* ColculatorTests.swift */,
				7F69F0071D4081DE0018E933 /* Info.plist */,
			);
			path = ColculatorTests;
			sourceTree = "<group>";
		};
		7F69F00F1D4081DE0018E933 /* ColculatorUITests */ = {
			isa = PBXGroup;
			children = (
				7F69F0101D4081DE0018E933 /* ColculatorUITests.swift */,
				7F69F0121D4081DE0018E933 /* Info.plist */,
			);
			path = ColculatorUITests;
			sourceTree = "<group>";
		};
/* End PBXGroup section */

/* Begin PBXNativeTarget section */
		7F69EFE91D4081DE0018E933 /* Colculator */ = {
			isa = PBXNativeTarget;
			buildConfigurationList = 7F69F0151D4081DE0018E933 /* Build configuration list for PBXNativeTarget "Colculator" */;
			buildPhases = (
				7F69EFE61D4081DE0018E933 /* Sources */,
				7F69EFE71D4081DE0018E933 /* Frameworks */,
				7F69EFE81D4081DE0018E933 /* Resources */,
			);
			buildRules = (
			);
			dependencies = (
			);
			name = Colculator;
			productName = Colculator;
			productReference = 7F69EFEA1D4081DE0018E933 /* Colculator.app */;
			productType = "com.apple.product-type.application";
		};
		7F69F0001D4081DE0018E933 /* ColculatorTests */ = {
			isa = PBXNativeTarget;
			buildConfigurationList = 7F69F0181D4081DE0018E933 /* Build configuration list for PBXNativeTarget "ColculatorTests" */;
			buildPhases = (
				7F69EFFD1D4081DE0018E933 /* Sources */,
				7F69EFFE1D4081DE0018E933 /* Frameworks */,
				7F69EFFF1D4081DE0018E933 /* Resources */,
			);
			buildRules = (
			);
			dependencies = (
				7F69F0031D4081DE0018E933 /* PBXTargetDependency */,
			);
			name = ColculatorTests;
			productName = ColculatorTests;
			productReference = 7F69F0011D4081DE0018E933 /* ColculatorTests.xctest */;
			productType = "com.apple.product-type.bundle.unit-test";
		};
		7F69F00B1D4081DE0018E933 /* ColculatorUITests */ = {
			isa = PBXNativeTarget;
			buildConfigurationList = 7F69F01B1D4081DE0018E933 /* Build configuration list for PBXNativeTarget "ColculatorUITests" */;
			buildPhases = (
				7F69F0081D4081DE0018E933 /* Sources */,
				7F69F0091D4081DE0018E933 /* Frameworks */,
				7F69F00A1D4081DE0018E933 /* Resources */,
			);
			buildRules = (
			);
			dependencies = (
				7F69F00E1D4081DE0018E933 /* PBXTargetDependency */,
			);
			name = ColculatorUITests;
			productName = ColculatorUITests;
			productReference = 7F69F00C1D4081DE0018E933 /* ColculatorUITests.xctest */;
			productType = "com.apple.product-type.bundle.ui-testing";
		};
/* End PBXNativeTarget section */

/* Begin PBXProject section */
		7F69EFE21D4081DE0018E933 /* Project object */ = {
			isa = PBXProject;
			attributes = {
				LastSwiftUpdateCheck = 0730;
				LastUpgradeCheck = 0730;
				ORGANIZATIONNAME = "Thomas Liu";
				TargetAttributes = {
					7F69EFE91D4081DE0018E933 = {
						CreatedOnToolsVersion = 7.3.1;
						DevelopmentTeam = 5898723MBJ;
					};
					7F69F0001D4081DE0018E933 = {
						CreatedOnToolsVersion = 7.3.1;
						DevelopmentTeam = 5898723MBJ;
						TestTargetID = 7F69EFE91D4081DE0018E933;
					};
					7F69F00B1D4081DE0018E933 = {
						CreatedOnToolsVersion = 7.3.1;
						DevelopmentTeam = 5898723MBJ;
						TestTargetID = 7F69EFE91D4081DE0018E933;
					};
				};
			};
			buildConfigurationList = 7F69EFE51D4081DE0018E933 /* Build configuration list for PBXProject "Colculator" */;
			compatibilityVersion = "Xcode 3.2";
			developmentRegion = English;
			hasScannedForEncodings = 0;
			knownRegions = (
				en,
				Base,
			);
			mainGroup = 7F69EFE11D4081DE0018E933;
			productRefGroup = 7F69EFEB1D4081DE0018E933 /* Products */;
			projectDirPath = "";
			projectRoot = "";
			targets = (
				7F69EFE91D4081DE0018E933 /* Colculator */,
				7F69F0001D4081DE0018E933 /* ColculatorTests */,
				7F69F00B1D4081DE0018E933 /* ColculatorUITests */,
			);
		};
/* End PBXProject section */

/* Begin PBXResourcesBuildPhase section */
		7F69EFE81D4081DE0018E933 /* Resources */ = {
			isa = PBXResourcesBuildPhase;
			buildActionMask = 2147483647;
			files = (
				7F69EFFB1D4081DE0018E933 /* LaunchScreen.storyboard in Resources */,
				7F69EFF81D4081DE0018E933 /* Assets.xcassets in Resources */,
				7F69EFF31D4081DE0018E933 /* Main.storyboard in Resources */,
			);
			runOnlyForDeploymentPostprocessing = 0;
		};
		7F69EFFF1D4081DE0018E933 /* Resources */ = {
			isa = PBXResourcesBuildPhase;
			buildActionMask = 2147483647;
			files = (
			);
			runOnlyForDeploymentPostprocessing = 0;
		};
		7F69F00A1D4081DE0018E933 /* Resources */ = {
			isa = PBXResourcesBuildPhase;
			buildActionMask = 2147483647;
			files = (
			);
			runOnlyForDeploymentPostprocessing = 0;
		};
/* End PBXResourcesBuildPhase section */

/* Begin PBXSourcesBuildPhase section */
		7F69EFE61D4081DE0018E933 /* Sources */ = {
			isa = PBXSourcesBuildPhase;
			buildActionMask = 2147483647;
			files = (
				7F69EFF61D4081DE0018E933 /* Colculator.xcdatamodeld in Sources */,
				7F69EFF01D4081DE0018E933 /* ViewController.swift in Sources */,
				7F69EFEE1D4081DE0018E933 /* AppDelegate.swift in Sources */,
			);
			runOnlyForDeploymentPostprocessing = 0;
		};
		7F69EFFD1D4081DE0018E933 /* Sources */ = {
			isa = PBXSourcesBuildPhase;
			buildActionMask = 2147483647;
			files = (
				7F69F0061D4081DE0018E933 /* ColculatorTests.swift in Sources */,
			);
			runOnlyForDeploymentPostprocessing = 0;
		};
		7F69F0081D4081DE0018E933 /* Sources */ = {
			isa = PBXSourcesBuildPhase;
			buildActionMask = 2147483647;
			files = (
				7F69F0111D4081DE0018E933 /* ColculatorUITests.swift in Sources */,
			);
			runOnlyForDeploymentPostprocessing = 0;
		};
/* End PBXSourcesBuildPhase section */

/* Begin PBXTargetDependency section */
		7F69F0031D4081DE0018E933 /* PBXTargetDependency */ = {
			isa = PBXTargetDependency;
			target = 7F69EFE91D4081DE0018E933 /* Colculator */;
			targetProxy = 7F69F0021D4081DE0018E933 /* PBXContainerItemProxy */;
		};
		7F69F00E1D4081DE0018E933 /* PBXTargetDependency */ = {
			isa = PBXTargetDependency;
			target = 7F69EFE91D4081DE0018E933 /* Colculator */;
			targetProxy = 7F69F00D1D4081DE0018E933 /* PBXContainerItemProxy */;
		};
/* End PBXTargetDependency section */

/* Begin PBXVariantGroup section */
		7F69EFF11D4081DE0018E933 /* Main.storyboard */ = {
			isa = PBXVariantGroup;
			children = (
				7F69EFF21D4081DE0018E933 /* Base */,
			);
			name = Main.storyboard;
			sourceTree = "<group>";
		};
		7F69EFF91D4081DE0018E933 /* LaunchScreen.storyboard */ = {
			isa = PBXVariantGroup;
			children = (
				7F69EFFA1D4081DE0018E933 /* Base */,
			);
			name = LaunchScreen.storyboard;
			sourceTree = "<group>";
		};
/* End PBXVariantGroup section */

/* Begin XCBuildConfiguration section */
		7F69F0131D4081DE0018E933 /* Debug */ = {
			isa = XCBuildConfiguration;
			buildSettings = {
				ALWAYS_SEARCH_USER_PATHS = NO;
				CLANG_ANALYZER_NONNULL = YES;
				CLANG_CXX_LANGUAGE_STANDARD = "gnu++0x";
				CLANG_CXX_LIBRARY = "libc++";
				CLANG_ENABLE_MODULES = YES;
				CLANG_ENABLE_OBJC_ARC = YES;
				CLANG_WARN_BOOL_CONVERSION = YES;
				CLANG_WARN_CONSTANT_CONVERSION = YES;
				CLANG_WARN_DIRECT_OBJC_ISA_USAGE = YES_ERROR;
				CLANG_WARN_EMPTY_BODY = YES;
				CLANG_WARN_ENUM_CONVERSION = YES;
				CLANG_WARN_INT_CONVERSION = YES;
				CLANG_WARN_OBJC_ROOT_CLASS = YES_ERROR;
				CLANG_WARN_UNREACHABLE_CODE = YES;
				CLANG_WARN__DUPLICATE_METHOD_MATCH = YES;
				"CODE_SIGN_IDENTITY[sdk=iphoneos*]" = "iPhone Developer";
				COPY_PHASE_STRIP = NO;
				DEBUG_INFORMATION_FORMAT = dwarf;
				ENABLE_STRICT_OBJC_MSGSEND = YES;
				ENABLE_TESTABILITY = YES;
				GCC_C_LANGUAGE_STANDARD = gnu99;
				GCC_DYNAMIC_NO_PIC = NO;
				GCC_NO_COMMON_BLOCKS = YES;
				GCC_OPTIMIZATION_LEVEL = 0;
				GCC_PREPROCESSOR_DEFINITIONS = (
					"DEBUG=1",
					"$(inherited)",
				);
				GCC_WARN_64_TO_32_BIT_CONVERSION = YES;
				GCC_WARN_ABOUT_RETURN_TYPE = YES_ERROR;
				GCC_WARN_UNDECLARED_SELECTOR = YES;
				GCC_WARN_UNINITIALIZED_AUTOS = YES_AGGRESSIVE;
				GCC_WARN_UNUSED_FUNCTION = YES;
				GCC_WARN_UNUSED_VARIABLE = YES;
				IPHONEOS_DEPLOYMENT_TARGET = 9.3;
				MTL_ENABLE_DEBUG_INFO = YES;
				ONLY_ACTIVE_ARCH = YES;
				SDKROOT = iphoneos;
				SWIFT_OPTIMIZATION_LEVEL = "-Onone";
			};
			name = Debug;
		};
		7F69F0141D4081DE0018E933 /* Release */ = {
			isa = XCBuildConfiguration;
			buildSettings = {
				ALWAYS_SEARCH_USER_PATHS = NO;
				CLANG_ANALYZER_NONNULL = YES;
				CLANG_CXX_LANGUAGE_STANDARD = "gnu++0x";
				CLANG_CXX_LIBRARY = "libc++";
				CLANG_ENABLE_MODULES = YES;
				CLANG_ENABLE_OBJC_ARC = YES;
				CLANG_WARN_BOOL_CONVERSION = YES;
				CLANG_WARN_CONSTANT_CONVERSION = YES;
				CLANG_WARN_DIRECT_OBJC_ISA_USAGE = YES_ERROR;
				CLANG_WARN_EMPTY_BODY = YES;
				CLANG_WARN_ENUM_CONVERSION = YES;
				CLANG_WARN_INT_CONVERSION = YES;
				CLANG_WARN_OBJC_ROOT_CLASS = YES_ERROR;
				CLANG_WARN_UNREACHABLE_CODE = YES;
				CLANG_WARN__DUPLICATE_METHOD_MATCH = YES;
				"CODE_SIGN_IDENTITY[sdk=iphoneos*]" = "iPhone Developer";
				COPY_PHASE_STRIP = NO;
				DEBUG_INFORMATION_FORMAT = "dwarf-with-dsym";
				ENABLE_NS_ASSERTIONS = NO;
				ENABLE_STRICT_OBJC_MSGSEND = YES;
				GCC_C_LANGUAGE_STANDARD = gnu99;
				GCC_NO_COMMON_BLOCKS = YES;
				GCC_WARN_64_TO_32_BIT_CONVERSION = YES;
				GCC_WARN_ABOUT_RETURN_TYPE = YES_ERROR;
				GCC_WARN_UNDECLARED_SELECTOR = YES;
				GCC_WARN_UNINITIALIZED_AUTOS = YES_AGGRESSIVE;
				GCC_WARN_UNUSED_FUNCTION = YES;
				GCC_WARN_UNUSED_VARIABLE = YES;
				IPHONEOS_DEPLOYMENT_TARGET = 9.3;
				MTL_ENABLE_DEBUG_INFO = NO;
				SDKROOT = iphoneos;
				VALIDATE_PRODUCT = YES;
			};
			name = Release;
		};
		7F69F0161D4081DE0018E933 /* Debug */ = {
			isa = XCBuildConfiguration;
			buildSettings = {
				ASSETCATALOG_COMPILER_APPICON_NAME = AppIcon;
				INFOPLIST_FILE = Colculator/Info.plist;
				LD_RUNPATH_SEARCH_PATHS = "$(inherited) @executable_path/Frameworks";
				PRODUCT_BUNDLE_IDENTIFIER = com.ThomasLiu.jiacheng.Colculator;
				PRODUCT_NAME = "$(TARGET_NAME)";
			};
			name = Debug;
		};
		7F69F0171D4081DE0018E933 /* Release */ = {
			isa = XCBuildConfiguration;
			buildSettings = {
				ASSETCATALOG_COMPILER_APPICON_NAME = AppIcon;
				INFOPLIST_FILE = Colculator/Info.plist;
				LD_RUNPATH_SEARCH_PATHS = "$(inherited) @executable_path/Frameworks";
				PRODUCT_BUNDLE_IDENTIFIER = com.ThomasLiu.jiacheng.Colculator;
				PRODUCT_NAME = "$(TARGET_NAME)";
			};
			name = Release;
		};
		7F69F0191D4081DE0018E933 /* Debug */ = {
			isa = XCBuildConfiguration;
			buildSettings = {
				BUNDLE_LOADER = "$(TEST_HOST)";
				INFOPLIST_FILE = ColculatorTests/Info.plist;
				LD_RUNPATH_SEARCH_PATHS = "$(inherited) @executable_path/Frameworks @loader_path/Frameworks";
				PRODUCT_BUNDLE_IDENTIFIER = com.ThomasLiu.jiacheng.ColculatorTests;
				PRODUCT_NAME = "$(TARGET_NAME)";
				TEST_HOST = "$(BUILT_PRODUCTS_DIR)/Colculator.app/Colculator";
			};
			name = Debug;
		};
		7F69F01A1D4081DE0018E933 /* Release */ = {
			isa = XCBuildConfiguration;
			buildSettings = {
				BUNDLE_LOADER = "$(TEST_HOST)";
				INFOPLIST_FILE = ColculatorTests/Info.plist;
				LD_RUNPATH_SEARCH_PATHS = "$(inherited) @executable_path/Frameworks @loader_path/Frameworks";
				PRODUCT_BUNDLE_IDENTIFIER = com.ThomasLiu.jiacheng.ColculatorTests;
				PRODUCT_NAME = "$(TARGET_NAME)";
				TEST_HOST = "$(BUILT_PRODUCTS_DIR)/Colculator.app/Colculator";
			};
			name = Release;
		};
		7F69F01C1D4081DE0018E933 /* Debug */ = {
			isa = XCBuildConfiguration;
			buildSettings = {
				INFOPLIST_FILE = ColculatorUITests/Info.plist;
				LD_RUNPATH_SEARCH_PATHS = "$(inherited) @executable_path/Frameworks @loader_path/Frameworks";
				PRODUCT_BUNDLE_IDENTIFIER = com.ThomasLiu.jiacheng.ColculatorUITests;
				PRODUCT_NAME = "$(TARGET_NAME)";
				TEST_TARGET_NAME = Colculator;
			};
			name = Debug;
		};
		7F69F01D1D4081DE0018E933 /* Release */ = {
			isa = XCBuildConfiguration;
			buildSettings = {
				INFOPLIST_FILE = ColculatorUITests/Info.plist;
				LD_RUNPATH_SEARCH_PATHS = "$(inherited) @executable_path/Frameworks @loader_path/Frameworks";
				PRODUCT_BUNDLE_IDENTIFIER = com.ThomasLiu.jiacheng.ColculatorUITests;
				PRODUCT_NAME = "$(TARGET_NAME)";
				TEST_TARGET_NAME = Colculator;
			};
			name = Release;
		};
/* End XCBuildConfiguration section */

/* Begin XCConfigurationList section */
		7F69EFE51D4081DE0018E933 /* Build configuration list for PBXProject "Colculator" */ = {
			isa = XCConfigurationList;
			buildConfigurations = (
				7F69F0131D4081DE0018E933 /* Debug */,
				7F69F0141D4081DE0018E933 /* Release */,
			);
			defaultConfigurationIsVisible = 0;
			defaultConfigurationName = Release;
		};
		7F69F0151D4081DE0018E933 /* Build configuration list for PBXNativeTarget "Colculator" */ = {
			isa = XCConfigurationList;
			buildConfigurations = (
				7F69F0161D4081DE0018E933 /* Debug */,
				7F69F0171D4081DE0018E933 /* Release */,
			);
			defaultConfigurationIsVisible = 0;
		};
		7F69F0181D4081DE0018E933 /* Build configuration list for PBXNativeTarget "ColculatorTests" */ = {
			isa = XCConfigurationList;
			buildConfigurations = (
				7F69F0191D4081DE0018E933 /* Debug */,
				7F69F01A1D4081DE0018E933 /* Release */,
			);
			defaultConfigurationIsVisible = 0;
		};
		7F69F01B1D4081DE0018E933 /* Build configuration list for PBXNativeTarget "ColculatorUITests" */ = {
			isa = XCConfigurationList;
			buildConfigurations = (
				7F69F01C1D4081DE0018E933 /* Debug */,
				7F69F01D1D4081DE0018E933 /* Release */,
			);
			defaultConfigurationIsVisible = 0;
		};
/* End XCConfigurationList section */

/* Begin XCVersionGroup section */
		7F69EFF41D4081DE0018E933 /* Colculator.xcdatamodeld */ = {
			isa = XCVersionGroup;
			children = (
				7F69EFF51D4081DE0018E933 /* Colculator.xcdatamodel */,
			);
			currentVersion = 7F69EFF51D4081DE0018E933 /* Colculator.xcdatamodel */;
			path = Colculator.xcdatamodeld;
			sourceTree = "<group>";
			versionGroupType = wrapper.xcdatamodel;
		};
/* End XCVersionGroup section */
	};
	rootObject = 7F69EFE21D4081DE0018E933 /* Project object */;
}
